
Microsoft Visual Studio Solution File, Format Version 12.00
# Visual Studio 14
VisualStudioVersion = 14.0.25420.1
MinimumVisualStudioVersion = 10.0.40219.1
Project("{2150E333-8FDC-42A3-9474-1A3956D46DE8}") = "Interface1", "Interface1", "{0A88F96E-5D2D-432E-9934-395FECB80D24}"
EndProject
Project("{2150E333-8FDC-42A3-9474-1A3956D46DE8}") = "CardGame", "CardGame", "{79557723-63E9-48DA-83DD-3735E02FC340}"
EndProject
Project("{2150E333-8FDC-42A3-9474-1A3956D46DE8}") = "ReportGenerator", "ReportGenerator", "{3DE7129D-4177-41E0-A36A-A05D652B158D}"
EndProject
Project("{2150E333-8FDC-42A3-9474-1A3956D46DE8}") = "CompressionStocking", "CompressionStocking", "{D7C6B19A-0EE6-484D-A389-8A7A0E2380C4}"
EndProject
Project("{2150E333-8FDC-42A3-9474-1A3956D46DE8}") = "PortioningMachine", "PortioningMachine", "{5BE2835A-BB30-467B-B040-11B9C3641943}"
EndProject
Project("{2150E333-8FDC-42A3-9474-1A3956D46DE8}") = "GoFObserver", "GoFObserver", "{CCE64AD2-8D25-432A-8A1A-31108D32C51A}"
EndProject
Project("{FAE04EC0-301F-11D3-BF4B-00C04F79EFBC}") = "CardGame", "CardGame\CardGame\CardGame.csproj", "{2D914BDE-445D-43B7-AAA6-6489D231F6B2}"
EndProject
Project("{FAE04EC0-301F-11D3-BF4B-00C04F79EFBC}") = "CompressionStocking", "CompressionStocking\CompressionStocking\CompressionStocking.csproj", "{E97F92DF-24B3-4C2C-A4B5-AEDF730CEFA4}"
EndProject
Project("{FAE04EC0-301F-11D3-BF4B-00C04F79EFBC}") = "GoFObserver", "GoFObserver\GoFObserver\GoFObserver.csproj", "{A929F6C8-C34F-42DD-905E-758F2B5526AA}"
EndProject
Project("{FAE04EC0-301F-11D3-BF4B-00C04F79EFBC}") = "GoFObserverStocks", "GoFObserver\GoFObserverStocks\GoFObserverStocks.csproj", "{1A57BB9B-A2C5-401B-AF4B-A679B8F3DD81}"
EndProject
Project("{FAE04EC0-301F-11D3-BF4B-00C04F79EFBC}") = "GoFObserverStocksApplication", "GoFObserver\GoFObserverStocksApplication\GoFObserverStocksApplication.csproj", "{1DAAE96F-89F4-4A0A-9878-7EEBA25CBDD8}"
EndProject
Project("{FAE04EC0-301F-11D3-BF4B-00C04F79EFBC}") = "PortioningMachine", "PortioningMachine\PortioningMachine\PortioningMachine.csproj", "{D497864E-30F0-4709-B866-25090299B334}"
EndProject
Project("{FAE04EC0-301F-11D3-BF4B-00C04F79EFBC}") = "ReportGenerator", "ReportGenerator\ReportGenerator\ReportGenerator.csproj", "{A202C4D8-3CC6-4A91-9DA4-D232E674C185}"
EndProject
Project("{2150E333-8FDC-42A3-9474-1A3956D46DE8}") = "Solutions", "Solutions", "{0575A62A-55DC-4E41-883B-57025E71A531}"
EndProject
Project("{2150E333-8FDC-42A3-9474-1A3956D46DE8}") = "CardGame", "CardGame", "{3CC9F4D6-7711-4027-B4AE-8BD6972E3BD9}"
EndProject
Project("{2150E333-8FDC-42A3-9474-1A3956D46DE8}") = "CompressionStocking", "CompressionStocking", "{424B7ECB-3E17-4188-AB88-002E78FA4D03}"
EndProject
Project("{2150E333-8FDC-42A3-9474-1A3956D46DE8}") = "Interface1", "Interface1", "{366AE8EC-40A1-4B17-99C8-4A4E7CF4BA32}"
EndProject
Project("{2150E333-8FDC-42A3-9474-1A3956D46DE8}") = "PortioningMachine", "PortioningMachine", "{5092B471-17A2-48A6-B793-28F3E04BD8A6}"
EndProject
Project("{2150E333-8FDC-42A3-9474-1A3956D46DE8}") = "ReportGenerator", "ReportGenerator", "{88375400-AC63-419B-836C-B7B452B5BC11}"
EndProject
Project("{FAE04EC0-301F-11D3-BF4B-00C04F79EFBC}") = "CardGame", "Solutions\CardGameSolution\CardGame\CardGame.csproj", "{66338AC8-4FDE-429F-B8D6-543FEA089C3B}"
EndProject
Project("{FAE04EC0-301F-11D3-BF4B-00C04F79EFBC}") = "CardGame.Application", "Solutions\CardGameSolution\CardGame.Application\CardGame.Application.csproj", "{D2DBBDB5-FCD9-4D77-B44E-000441F82B18}"
EndProject
Project("{FAE04EC0-301F-11D3-BF4B-00C04F79EFBC}") = "CompressionStocking", "Solutions\CompressionStockingSolution\CompressionStocking\CompressionStocking.csproj", "{D98B6B73-33F2-45DE-8C50-6B3CA3F02497}"
EndProject
Project("{FAE04EC0-301F-11D3-BF4B-00C04F79EFBC}") = "CompressionStockingApplication", "Solutions\CompressionStockingSolution\CompressionStockingApplication\CompressionStockingApplication.csproj", "{FF29B0C6-6647-4E4A-ABDE-2C0139E22580}"
EndProject
Project("{2150E333-8FDC-42A3-9474-1A3956D46DE8}") = "Interface2", "Interface2", "{952DAAAE-0068-4A4F-B056-BC2B93352699}"
EndProject
Project("{FAE04EC0-301F-11D3-BF4B-00C04F79EFBC}") = "DoStuff", "Solutions\Interfaces1Solution\DoStuff\DoStuff.csproj", "{0BEF6E2A-12C4-48A5-A836-83CC46C8AC00}"
EndProject
Project("{FAE04EC0-301F-11D3-BF4B-00C04F79EFBC}") = "VehicleAppl", "Solutions\Interfaces2Solution\VehicleAppl\VehicleAppl.csproj", "{A25BFDAD-0EA1-4405-B6D6-A0F7365CF1F5}"
EndProject
Project("{FAE04EC0-301F-11D3-BF4B-00C04F79EFBC}") = "Vehicles", "Solutions\Interfaces2Solution\Vehicles\Vehicles.csproj", "{79D871C1-4831-42C5-87D4-1F1849C1EAD6}"
EndProject
Project("{FAE04EC0-301F-11D3-BF4B-00C04F79EFBC}") = "PortioningMachine", "Solutions\PortioningMachineSolution\PortioningMachine\PortioningMachine.csproj", "{EC520ECE-2AFB-4440-B43B-C43AF7D55D8F}"
EndProject
Project("{FAE04EC0-301F-11D3-BF4B-00C04F79EFBC}") = "PortioningMachine.Application", "Solutions\PortioningMachineSolution\PortioningMachine.Application\PortioningMachine.Application.csproj", "{8F4D7D11-BEF5-45E0-A7AD-297FCDF5E73B}"
EndProject
Project("{FAE04EC0-301F-11D3-BF4B-00C04F79EFBC}") = "ReportGenerator.Application", "Solutions\ReportGeneratorSolution\ReportGenerator.Application\ReportGenerator.Application.csproj", "{8921DDED-6851-413F-994F-8D45778B1A9A}"
EndProject
Project("{FAE04EC0-301F-11D3-BF4B-00C04F79EFBC}") = "ReportGenerator", "Solutions\ReportGeneratorSolution\ReportGeneratorSolution\ReportGenerator.csproj", "{CF6CD745-C893-4270-9AC2-8AAD0AE72F3D}"
EndProject
Project("{2150E333-8FDC-42A3-9474-1A3956D46DE8}") = "Interface2", "Interface2", "{BEA7DC0D-69D7-4827-9FFA-8496B64CDE82}"
EndProject
Project("{FAE04EC0-301F-11D3-BF4B-00C04F79EFBC}") = "Interface1", "Interface1\Interface1\Interface1.csproj", "{FDD71EC0-5CD0-4C47-8006-030ED6BF94B2}"
EndProject
Project("{FAE04EC0-301F-11D3-BF4B-00C04F79EFBC}") = "Interface2", "Interface2\Interface2\Interface2.csproj", "{866F9178-4382-49D0-91FE-ACEF7E0BE06C}"
EndProject
Global
	GlobalSection(SolutionConfigurationPlatforms) = preSolution
		Debug|Any CPU = Debug|Any CPU
		Debug|x86 = Debug|x86
		Release|Any CPU = Release|Any CPU
		Release|x86 = Release|x86
	EndGlobalSection
	GlobalSection(ProjectConfigurationPlatforms) = postSolution
		{2D914BDE-445D-43B7-AAA6-6489D231F6B2}.Debug|Any CPU.ActiveCfg = Debug|Any CPU
		{2D914BDE-445D-43B7-AAA6-6489D231F6B2}.Debug|Any CPU.Build.0 = Debug|Any CPU
		{2D914BDE-445D-43B7-AAA6-6489D231F6B2}.Debug|x86.ActiveCfg = Debug|Any CPU
		{2D914BDE-445D-43B7-AAA6-6489D231F6B2}.Debug|x86.Build.0 = Debug|Any CPU
		{2D914BDE-445D-43B7-AAA6-6489D231F6B2}.Release|Any CPU.ActiveCfg = Release|Any CPU
		{2D914BDE-445D-43B7-AAA6-6489D231F6B2}.Release|Any CPU.Build.0 = Release|Any CPU
		{2D914BDE-445D-43B7-AAA6-6489D231F6B2}.Release|x86.ActiveCfg = Release|Any CPU
		{2D914BDE-445D-43B7-AAA6-6489D231F6B2}.Release|x86.Build.0 = Release|Any CPU
		{E97F92DF-24B3-4C2C-A4B5-AEDF730CEFA4}.Debug|Any CPU.ActiveCfg = Debug|Any CPU
		{E97F92DF-24B3-4C2C-A4B5-AEDF730CEFA4}.Debug|Any CPU.Build.0 = Debug|Any CPU
		{E97F92DF-24B3-4C2C-A4B5-AEDF730CEFA4}.Debug|x86.ActiveCfg = Debug|Any CPU
		{E97F92DF-24B3-4C2C-A4B5-AEDF730CEFA4}.Debug|x86.Build.0 = Debug|Any CPU
		{E97F92DF-24B3-4C2C-A4B5-AEDF730CEFA4}.Release|Any CPU.ActiveCfg = Release|Any CPU
		{E97F92DF-24B3-4C2C-A4B5-AEDF730CEFA4}.Release|Any CPU.Build.0 = Release|Any CPU
		{E97F92DF-24B3-4C2C-A4B5-AEDF730CEFA4}.Release|x86.ActiveCfg = Release|Any CPU
		{E97F92DF-24B3-4C2C-A4B5-AEDF730CEFA4}.Release|x86.Build.0 = Release|Any CPU
		{A929F6C8-C34F-42DD-905E-758F2B5526AA}.Debug|Any CPU.ActiveCfg = Debug|Any CPU
		{A929F6C8-C34F-42DD-905E-758F2B5526AA}.Debug|Any CPU.Build.0 = Debug|Any CPU
		{A929F6C8-C34F-42DD-905E-758F2B5526AA}.Debug|x86.ActiveCfg = Debug|Any CPU
		{A929F6C8-C34F-42DD-905E-758F2B5526AA}.Debug|x86.Build.0 = Debug|Any CPU
		{A929F6C8-C34F-42DD-905E-758F2B5526AA}.Release|Any CPU.ActiveCfg = Release|Any CPU
		{A929F6C8-C34F-42DD-905E-758F2B5526AA}.Release|Any CPU.Build.0 = Release|Any CPU
		{A929F6C8-C34F-42DD-905E-758F2B5526AA}.Release|x86.ActiveCfg = Release|Any CPU
		{A929F6C8-C34F-42DD-905E-758F2B5526AA}.Release|x86.Build.0 = Release|Any CPU
		{1A57BB9B-A2C5-401B-AF4B-A679B8F3DD81}.Debug|Any CPU.ActiveCfg = Debug|Any CPU
		{1A57BB9B-A2C5-401B-AF4B-A679B8F3DD81}.Debug|Any CPU.Build.0 = Debug|Any CPU
		{1A57BB9B-A2C5-401B-AF4B-A679B8F3DD81}.Debug|x86.ActiveCfg = Debug|Any CPU
		{1A57BB9B-A2C5-401B-AF4B-A679B8F3DD81}.Debug|x86.Build.0 = Debug|Any CPU
		{1A57BB9B-A2C5-401B-AF4B-A679B8F3DD81}.Release|Any CPU.ActiveCfg = Release|Any CPU
		{1A57BB9B-A2C5-401B-AF4B-A679B8F3DD81}.Release|Any CPU.Build.0 = Release|Any CPU
		{1A57BB9B-A2C5-401B-AF4B-A679B8F3DD81}.Release|x86.ActiveCfg = Release|Any CPU
		{1A57BB9B-A2C5-401B-AF4B-A679B8F3DD81}.Release|x86.Build.0 = Release|Any CPU
		{1DAAE96F-89F4-4A0A-9878-7EEBA25CBDD8}.Debug|Any CPU.ActiveCfg = Debug|Any CPU
		{1DAAE96F-89F4-4A0A-9878-7EEBA25CBDD8}.Debug|Any CPU.Build.0 = Debug|Any CPU
		{1DAAE96F-89F4-4A0A-9878-7EEBA25CBDD8}.Debug|x86.ActiveCfg = Debug|Any CPU
		{1DAAE96F-89F4-4A0A-9878-7EEBA25CBDD8}.Debug|x86.Build.0 = Debug|Any CPU
		{1DAAE96F-89F4-4A0A-9878-7EEBA25CBDD8}.Release|Any CPU.ActiveCfg = Release|Any CPU
		{1DAAE96F-89F4-4A0A-9878-7EEBA25CBDD8}.Release|Any CPU.Build.0 = Release|Any CPU
		{1DAAE96F-89F4-4A0A-9878-7EEBA25CBDD8}.Release|x86.ActiveCfg = Release|Any CPU
		{1DAAE96F-89F4-4A0A-9878-7EEBA25CBDD8}.Release|x86.Build.0 = Release|Any CPU
		{D497864E-30F0-4709-B866-25090299B334}.Debug|Any CPU.ActiveCfg = Debug|Any CPU
		{D497864E-30F0-4709-B866-25090299B334}.Debug|Any CPU.Build.0 = Debug|Any CPU
		{D497864E-30F0-4709-B866-25090299B334}.Debug|x86.ActiveCfg = Debug|Any CPU
		{D497864E-30F0-4709-B866-25090299B334}.Debug|x86.Build.0 = Debug|Any CPU
		{D497864E-30F0-4709-B866-25090299B334}.Release|Any CPU.ActiveCfg = Release|Any CPU
		{D497864E-30F0-4709-B866-25090299B334}.Release|Any CPU.Build.0 = Release|Any CPU
		{D497864E-30F0-4709-B866-25090299B334}.Release|x86.ActiveCfg = Release|Any CPU
		{D497864E-30F0-4709-B866-25090299B334}.Release|x86.Build.0 = Release|Any CPU
		{A202C4D8-3CC6-4A91-9DA4-D232E674C185}.Debug|Any CPU.ActiveCfg = Debug|Any CPU
		{A202C4D8-3CC6-4A91-9DA4-D232E674C185}.Debug|Any CPU.Build.0 = Debug|Any CPU
		{A202C4D8-3CC6-4A91-9DA4-D232E674C185}.Debug|x86.ActiveCfg = Debug|Any CPU
		{A202C4D8-3CC6-4A91-9DA4-D232E674C185}.Debug|x86.Build.0 = Debug|Any CPU
		{A202C4D8-3CC6-4A91-9DA4-D232E674C185}.Release|Any CPU.ActiveCfg = Release|Any CPU
		{A202C4D8-3CC6-4A91-9DA4-D232E674C185}.Release|Any CPU.Build.0 = Release|Any CPU
		{A202C4D8-3CC6-4A91-9DA4-D232E674C185}.Release|x86.ActiveCfg = Release|Any CPU
		{A202C4D8-3CC6-4A91-9DA4-D232E674C185}.Release|x86.Build.0 = Release|Any CPU
		{66338AC8-4FDE-429F-B8D6-543FEA089C3B}.Debug|Any CPU.ActiveCfg = Debug|Any CPU
		{66338AC8-4FDE-429F-B8D6-543FEA089C3B}.Debug|Any CPU.Build.0 = Debug|Any CPU
		{66338AC8-4FDE-429F-B8D6-543FEA089C3B}.Debug|x86.ActiveCfg = Debug|Any CPU
		{66338AC8-4FDE-429F-B8D6-543FEA089C3B}.Debug|x86.Build.0 = Debug|Any CPU
		{66338AC8-4FDE-429F-B8D6-543FEA089C3B}.Release|Any CPU.ActiveCfg = Release|Any CPU
		{66338AC8-4FDE-429F-B8D6-543FEA089C3B}.Release|Any CPU.Build.0 = Release|Any CPU
		{66338AC8-4FDE-429F-B8D6-543FEA089C3B}.Release|x86.ActiveCfg = Release|Any CPU
		{66338AC8-4FDE-429F-B8D6-543FEA089C3B}.Release|x86.Build.0 = Release|Any CPU
		{D2DBBDB5-FCD9-4D77-B44E-000441F82B18}.Debug|Any CPU.ActiveCfg = Debug|Any CPU
		{D2DBBDB5-FCD9-4D77-B44E-000441F82B18}.Debug|Any CPU.Build.0 = Debug|Any CPU
		{D2DBBDB5-FCD9-4D77-B44E-000441F82B18}.Debug|x86.ActiveCfg = Debug|Any CPU
		{D2DBBDB5-FCD9-4D77-B44E-000441F82B18}.Debug|x86.Build.0 = Debug|Any CPU
		{D2DBBDB5-FCD9-4D77-B44E-000441F82B18}.Release|Any CPU.ActiveCfg = Release|Any CPU
		{D2DBBDB5-FCD9-4D77-B44E-000441F82B18}.Release|Any CPU.Build.0 = Release|Any CPU
		{D2DBBDB5-FCD9-4D77-B44E-000441F82B18}.Release|x86.ActiveCfg = Release|Any CPU
		{D2DBBDB5-FCD9-4D77-B44E-000441F82B18}.Release|x86.Build.0 = Release|Any CPU
		{D98B6B73-33F2-45DE-8C50-6B3CA3F02497}.Debug|Any CPU.ActiveCfg = Debug|Any CPU
		{D98B6B73-33F2-45DE-8C50-6B3CA3F02497}.Debug|Any CPU.Build.0 = Debug|Any CPU
		{D98B6B73-33F2-45DE-8C50-6B3CA3F02497}.Debug|x86.ActiveCfg = Debug|Any CPU
		{D98B6B73-33F2-45DE-8C50-6B3CA3F02497}.Debug|x86.Build.0 = Debug|Any CPU
		{D98B6B73-33F2-45DE-8C50-6B3CA3F02497}.Release|Any CPU.ActiveCfg = Release|Any CPU
		{D98B6B73-33F2-45DE-8C50-6B3CA3F02497}.Release|Any CPU.Build.0 = Release|Any CPU
		{D98B6B73-33F2-45DE-8C50-6B3CA3F02497}.Release|x86.ActiveCfg = Release|Any CPU
		{D98B6B73-33F2-45DE-8C50-6B3CA3F02497}.Release|x86.Build.0 = Release|Any CPU
		{FF29B0C6-6647-4E4A-ABDE-2C0139E22580}.Debug|Any CPU.ActiveCfg = Debug|x86
		{FF29B0C6-6647-4E4A-ABDE-2C0139E22580}.Debug|x86.ActiveCfg = Debug|x86
		{FF29B0C6-6647-4E4A-ABDE-2C0139E22580}.Debug|x86.Build.0 = Debug|x86
		{FF29B0C6-6647-4E4A-ABDE-2C0139E22580}.Release|Any CPU.ActiveCfg = Release|x86
		{FF29B0C6-6647-4E4A-ABDE-2C0139E22580}.Release|x86.ActiveCfg = Release|x86
		{FF29B0C6-6647-4E4A-ABDE-2C0139E22580}.Release|x86.Build.0 = Release|x86
		{0BEF6E2A-12C4-48A5-A836-83CC46C8AC00}.Debug|Any CPU.ActiveCfg = Debug|Any CPU
		{0BEF6E2A-12C4-48A5-A836-83CC46C8AC00}.Debug|Any CPU.Build.0 = Debug|Any CPU
		{0BEF6E2A-12C4-48A5-A836-83CC46C8AC00}.Debug|x86.ActiveCfg = Debug|Any CPU
		{0BEF6E2A-12C4-48A5-A836-83CC46C8AC00}.Debug|x86.Build.0 = Debug|Any CPU
		{0BEF6E2A-12C4-48A5-A836-83CC46C8AC00}.Release|Any CPU.ActiveCfg = Release|Any CPU
		{0BEF6E2A-12C4-48A5-A836-83CC46C8AC00}.Release|Any CPU.Build.0 = Release|Any CPU
		{0BEF6E2A-12C4-48A5-A836-83CC46C8AC00}.Release|x86.ActiveCfg = Release|Any CPU
		{0BEF6E2A-12C4-48A5-A836-83CC46C8AC00}.Release|x86.Build.0 = Release|Any CPU
		{A25BFDAD-0EA1-4405-B6D6-A0F7365CF1F5}.Debug|Any CPU.ActiveCfg = Debug|Any CPU
		{A25BFDAD-0EA1-4405-B6D6-A0F7365CF1F5}.Debug|Any CPU.Build.0 = Debug|Any CPU
		{A25BFDAD-0EA1-4405-B6D6-A0F7365CF1F5}.Debug|x86.ActiveCfg = Debug|Any CPU
		{A25BFDAD-0EA1-4405-B6D6-A0F7365CF1F5}.Debug|x86.Build.0 = Debug|Any CPU
		{A25BFDAD-0EA1-4405-B6D6-A0F7365CF1F5}.Release|Any CPU.ActiveCfg = Release|Any CPU
		{A25BFDAD-0EA1-4405-B6D6-A0F7365CF1F5}.Release|Any CPU.Build.0 = Release|Any CPU
		{A25BFDAD-0EA1-4405-B6D6-A0F7365CF1F5}.Release|x86.ActiveCfg = Release|Any CPU
		{A25BFDAD-0EA1-4405-B6D6-A0F7365CF1F5}.Release|x86.Build.0 = Release|Any CPU
		{79D871C1-4831-42C5-87D4-1F1849C1EAD6}.Debug|Any CPU.ActiveCfg = Debug|Any CPU
		{79D871C1-4831-42C5-87D4-1F1849C1EAD6}.Debug|Any CPU.Build.0 = Debug|Any CPU
		{79D871C1-4831-42C5-87D4-1F1849C1EAD6}.Debug|x86.ActiveCfg = Debug|Any CPU
		{79D871C1-4831-42C5-87D4-1F1849C1EAD6}.Debug|x86.Build.0 = Debug|Any CPU
		{79D871C1-4831-42C5-87D4-1F1849C1EAD6}.Release|Any CPU.ActiveCfg = Release|Any CPU
		{79D871C1-4831-42C5-87D4-1F1849C1EAD6}.Release|Any CPU.Build.0 = Release|Any CPU
		{79D871C1-4831-42C5-87D4-1F1849C1EAD6}.Release|x86.ActiveCfg = Release|Any CPU
		{79D871C1-4831-42C5-87D4-1F1849C1EAD6}.Release|x86.Build.0 = Release|Any CPU
		{EC520ECE-2AFB-4440-B43B-C43AF7D55D8F}.Debug|Any CPU.ActiveCfg = Debug|Any CPU
		{EC520ECE-2AFB-4440-B43B-C43AF7D55D8F}.Debug|Any CPU.Build.0 = Debug|Any CPU
		{EC520ECE-2AFB-4440-B43B-C43AF7D55D8F}.Debug|x86.ActiveCfg = Debug|Any CPU
		{EC520ECE-2AFB-4440-B43B-C43AF7D55D8F}.Debug|x86.Build.0 = Debug|Any CPU
		{EC520ECE-2AFB-4440-B43B-C43AF7D55D8F}.Release|Any CPU.ActiveCfg = Release|Any CPU
		{EC520ECE-2AFB-4440-B43B-C43AF7D55D8F}.Release|Any CPU.Build.0 = Release|Any CPU
		{EC520ECE-2AFB-4440-B43B-C43AF7D55D8F}.Release|x86.ActiveCfg = Release|Any CPU
		{EC520ECE-2AFB-4440-B43B-C43AF7D55D8F}.Release|x86.Build.0 = Release|Any CPU
		{8F4D7D11-BEF5-45E0-A7AD-297FCDF5E73B}.Debug|Any CPU.ActiveCfg = Debug|Any CPU
		{8F4D7D11-BEF5-45E0-A7AD-297FCDF5E73B}.Debug|Any CPU.Build.0 = Debug|Any CPU
		{8F4D7D11-BEF5-45E0-A7AD-297FCDF5E73B}.Debug|x86.ActiveCfg = Debug|Any CPU
		{8F4D7D11-BEF5-45E0-A7AD-297FCDF5E73B}.Debug|x86.Build.0 = Debug|Any CPU
		{8F4D7D11-BEF5-45E0-A7AD-297FCDF5E73B}.Release|Any CPU.ActiveCfg = Release|Any CPU
		{8F4D7D11-BEF5-45E0-A7AD-297FCDF5E73B}.Release|Any CPU.Build.0 = Release|Any CPU
		{8F4D7D11-BEF5-45E0-A7AD-297FCDF5E73B}.Release|x86.ActiveCfg = Release|Any CPU
		{8F4D7D11-BEF5-45E0-A7AD-297FCDF5E73B}.Release|x86.Build.0 = Release|Any CPU
		{8921DDED-6851-413F-994F-8D45778B1A9A}.Debug|Any CPU.ActiveCfg = Debug|Any CPU
		{8921DDED-6851-413F-994F-8D45778B1A9A}.Debug|Any CPU.Build.0 = Debug|Any CPU
		{8921DDED-6851-413F-994F-8D45778B1A9A}.Debug|x86.ActiveCfg = Debug|Any CPU
		{8921DDED-6851-413F-994F-8D45778B1A9A}.Debug|x86.Build.0 = Debug|Any CPU
		{8921DDED-6851-413F-994F-8D45778B1A9A}.Release|Any CPU.ActiveCfg = Release|Any CPU
		{8921DDED-6851-413F-994F-8D45778B1A9A}.Release|Any CPU.Build.0 = Release|Any CPU
		{8921DDED-6851-413F-994F-8D45778B1A9A}.Release|x86.ActiveCfg = Release|Any CPU
		{8921DDED-6851-413F-994F-8D45778B1A9A}.Release|x86.Build.0 = Release|Any CPU
		{CF6CD745-C893-4270-9AC2-8AAD0AE72F3D}.Debug|Any CPU.ActiveCfg = Debug|x86
		{CF6CD745-C893-4270-9AC2-8AAD0AE72F3D}.Debug|x86.ActiveCfg = Debug|x86
		{CF6CD745-C893-4270-9AC2-8AAD0AE72F3D}.Debug|x86.Build.0 = Debug|x86
		{CF6CD745-C893-4270-9AC2-8AAD0AE72F3D}.Release|Any CPU.ActiveCfg = Release|x86
		{CF6CD745-C893-4270-9AC2-8AAD0AE72F3D}.Release|x86.ActiveCfg = Release|x86
		{CF6CD745-C893-4270-9AC2-8AAD0AE72F3D}.Release|x86.Build.0 = Release|x86
		{FDD71EC0-5CD0-4C47-8006-030ED6BF94B2}.Debug|Any CPU.ActiveCfg = Debug|Any CPU
		{FDD71EC0-5CD0-4C47-8006-030ED6BF94B2}.Debug|Any CPU.Build.0 = Debug|Any CPU
		{FDD71EC0-5CD0-4C47-8006-030ED6BF94B2}.Debug|x86.ActiveCfg = Debug|Any CPU
		{FDD71EC0-5CD0-4C47-8006-030ED6BF94B2}.Debug|x86.Build.0 = Debug|Any CPU
		{FDD71EC0-5CD0-4C47-8006-030ED6BF94B2}.Release|Any CPU.ActiveCfg = Release|Any CPU
		{FDD71EC0-5CD0-4C47-8006-030ED6BF94B2}.Release|Any CPU.Build.0 = Release|Any CPU
		{FDD71EC0-5CD0-4C47-8006-030ED6BF94B2}.Release|x86.ActiveCfg = Release|Any CPU
		{FDD71EC0-5CD0-4C47-8006-030ED6BF94B2}.Release|x86.Build.0 = Release|Any CPU
		{866F9178-4382-49D0-91FE-ACEF7E0BE06C}.Debug|Any CPU.ActiveCfg = Debug|Any CPU
		{866F9178-4382-49D0-91FE-ACEF7E0BE06C}.Debug|Any CPU.Build.0 = Debug|Any CPU
		{866F9178-4382-49D0-91FE-ACEF7E0BE06C}.Debug|x86.ActiveCfg = Debug|Any CPU
		{866F9178-4382-49D0-91FE-ACEF7E0BE06C}.Debug|x86.Build.0 = Debug|Any CPU
		{866F9178-4382-49D0-91FE-ACEF7E0BE06C}.Release|Any CPU.ActiveCfg = Release|Any CPU
		{866F9178-4382-49D0-91FE-ACEF7E0BE06C}.Release|Any CPU.Build.0 = Release|Any CPU
		{866F9178-4382-49D0-91FE-ACEF7E0BE06C}.Release|x86.ActiveCfg = Release|Any CPU
		{866F9178-4382-49D0-91FE-ACEF7E0BE06C}.Release|x86.Build.0 = Release|Any CPU
	EndGlobalSection
	GlobalSection(SolutionProperties) = preSolution
		HideSolutionNode = FALSE
	EndGlobalSection
	GlobalSection(NestedProjects) = preSolution
		{2D914BDE-445D-43B7-AAA6-6489D231F6B2} = {79557723-63E9-48DA-83DD-3735E02FC340}
		{E97F92DF-24B3-4C2C-A4B5-AEDF730CEFA4} = {D7C6B19A-0EE6-484D-A389-8A7A0E2380C4}
		{A929F6C8-C34F-42DD-905E-758F2B5526AA} = {CCE64AD2-8D25-432A-8A1A-31108D32C51A}
		{1A57BB9B-A2C5-401B-AF4B-A679B8F3DD81} = {CCE64AD2-8D25-432A-8A1A-31108D32C51A}
		{1DAAE96F-89F4-4A0A-9878-7EEBA25CBDD8} = {CCE64AD2-8D25-432A-8A1A-31108D32C51A}
		{D497864E-30F0-4709-B866-25090299B334} = {5BE2835A-BB30-467B-B040-11B9C3641943}
		{A202C4D8-3CC6-4A91-9DA4-D232E674C185} = {3DE7129D-4177-41E0-A36A-A05D652B158D}
		{3CC9F4D6-7711-4027-B4AE-8BD6972E3BD9} = {0575A62A-55DC-4E41-883B-57025E71A531}
		{424B7ECB-3E17-4188-AB88-002E78FA4D03} = {0575A62A-55DC-4E41-883B-57025E71A531}
		{366AE8EC-40A1-4B17-99C8-4A4E7CF4BA32} = {0575A62A-55DC-4E41-883B-57025E71A531}
		{5092B471-17A2-48A6-B793-28F3E04BD8A6} = {0575A62A-55DC-4E41-883B-57025E71A531}
		{88375400-AC63-419B-836C-B7B452B5BC11} = {0575A62A-55DC-4E41-883B-57025E71A531}
		{66338AC8-4FDE-429F-B8D6-543FEA089C3B} = {3CC9F4D6-7711-4027-B4AE-8BD6972E3BD9}
		{D2DBBDB5-FCD9-4D77-B44E-000441F82B18} = {3CC9F4D6-7711-4027-B4AE-8BD6972E3BD9}
		{D98B6B73-33F2-45DE-8C50-6B3CA3F02497} = {424B7ECB-3E17-4188-AB88-002E78FA4D03}
		{FF29B0C6-6647-4E4A-ABDE-2C0139E22580} = {424B7ECB-3E17-4188-AB88-002E78FA4D03}
		{952DAAAE-0068-4A4F-B056-BC2B93352699} = {0575A62A-55DC-4E41-883B-57025E71A531}
		{0BEF6E2A-12C4-48A5-A836-83CC46C8AC00} = {366AE8EC-40A1-4B17-99C8-4A4E7CF4BA32}
		{A25BFDAD-0EA1-4405-B6D6-A0F7365CF1F5} = {952DAAAE-0068-4A4F-B056-BC2B93352699}
		{79D871C1-4831-42C5-87D4-1F1849C1EAD6} = {952DAAAE-0068-4A4F-B056-BC2B93352699}
		{EC520ECE-2AFB-4440-B43B-C43AF7D55D8F} = {5092B471-17A2-48A6-B793-28F3E04BD8A6}
		{8F4D7D11-BEF5-45E0-A7AD-297FCDF5E73B} = {5092B471-17A2-48A6-B793-28F3E04BD8A6}
		{8921DDED-6851-413F-994F-8D45778B1A9A} = {88375400-AC63-419B-836C-B7B452B5BC11}
		{CF6CD745-C893-4270-9AC2-8AAD0AE72F3D} = {88375400-AC63-419B-836C-B7B452B5BC11}
		{FDD71EC0-5CD0-4C47-8006-030ED6BF94B2} = {0A88F96E-5D2D-432E-9934-395FECB80D24}
		{866F9178-4382-49D0-91FE-ACEF7E0BE06C} = {BEA7DC0D-69D7-4827-9FFA-8496B64CDE82}
	EndGlobalSection
EndGlobal
