
Microsoft Visual Studio Solution File, Format Version 12.00
# Visual Studio 2012
Project("{FAE04EC0-301F-11D3-BF4B-00C04F79EFBC}") = "PortioningMachine", "PortioningMachine\PortioningMachine.csproj", "{EC520ECE-2AFB-4440-B43B-C43AF7D55D8F}"
EndProject
Project("{FAE04EC0-301F-11D3-BF4B-00C04F79EFBC}") = "PortioningMachine.Application", "PortioningMachine.Application\PortioningMachine.Application.csproj", "{8F4D7D11-BEF5-45E0-A7AD-297FCDF5E73B}"
EndProject
Global
	GlobalSection(SubversionScc) = preSolution
		Svn-Managed = True
		Manager = AnkhSVN - Subversion Support for Visual Studio
	EndGlobalSection
	GlobalSection(SolutionConfigurationPlatforms) = preSolution
		Debug|Any CPU = Debug|Any CPU
		Release|Any CPU = Release|Any CPU
	EndGlobalSection
	GlobalSection(ProjectConfigurationPlatforms) = postSolution
		{EC520ECE-2AFB-4440-B43B-C43AF7D55D8F}.Debug|Any CPU.ActiveCfg = Debug|Any CPU
		{EC520ECE-2AFB-4440-B43B-C43AF7D55D8F}.Debug|Any CPU.Build.0 = Debug|Any CPU
		{EC520ECE-2AFB-4440-B43B-C43AF7D55D8F}.Release|Any CPU.ActiveCfg = Release|Any CPU
		{EC520ECE-2AFB-4440-B43B-C43AF7D55D8F}.Release|Any CPU.Build.0 = Release|Any CPU
		{8F4D7D11-BEF5-45E0-A7AD-297FCDF5E73B}.Debug|Any CPU.ActiveCfg = Debug|Any CPU
		{8F4D7D11-BEF5-45E0-A7AD-297FCDF5E73B}.Debug|Any CPU.Build.0 = Debug|Any CPU
		{8F4D7D11-BEF5-45E0-A7AD-297FCDF5E73B}.Release|Any CPU.ActiveCfg = Release|Any CPU
		{8F4D7D11-BEF5-45E0-A7AD-297FCDF5E73B}.Release|Any CPU.Build.0 = Release|Any CPU
	EndGlobalSection
	GlobalSection(SolutionProperties) = preSolution
		HideSolutionNode = FALSE
	EndGlobalSection
EndGlobal
