
Microsoft Visual Studio Solution File, Format Version 12.00
# Visual Studio 2013
VisualStudioVersion = 12.0.21005.1
MinimumVisualStudioVersion = 10.0.40219.1
Project("{FAE04EC0-301F-11D3-BF4B-00C04F79EFBC}") = "Vehicles", "Vehicles\Vehicles.csproj", "{79D871C1-4831-42C5-87D4-1F1849C1EAD6}"
EndProject
Project("{FAE04EC0-301F-11D3-BF4B-00C04F79EFBC}") = "VehicleAppl", "VehicleAppl\VehicleAppl.csproj", "{A25BFDAD-0EA1-4405-B6D6-A0F7365CF1F5}"
EndProject
Global
	GlobalSection(SubversionScc) = preSolution
		Svn-Managed = True
		Manager = AnkhSVN - Subversion Support for Visual Studio
	EndGlobalSection
	GlobalSection(SolutionConfigurationPlatforms) = preSolution
		Debug|Any CPU = Debug|Any CPU
		Release|Any CPU = Release|Any CPU
	EndGlobalSection
	GlobalSection(ProjectConfigurationPlatforms) = postSolution
		{79D871C1-4831-42C5-87D4-1F1849C1EAD6}.Debug|Any CPU.ActiveCfg = Debug|Any CPU
		{79D871C1-4831-42C5-87D4-1F1849C1EAD6}.Debug|Any CPU.Build.0 = Debug|Any CPU
		{79D871C1-4831-42C5-87D4-1F1849C1EAD6}.Release|Any CPU.ActiveCfg = Release|Any CPU
		{79D871C1-4831-42C5-87D4-1F1849C1EAD6}.Release|Any CPU.Build.0 = Release|Any CPU
		{A25BFDAD-0EA1-4405-B6D6-A0F7365CF1F5}.Debug|Any CPU.ActiveCfg = Debug|Any CPU
		{A25BFDAD-0EA1-4405-B6D6-A0F7365CF1F5}.Debug|Any CPU.Build.0 = Debug|Any CPU
		{A25BFDAD-0EA1-4405-B6D6-A0F7365CF1F5}.Release|Any CPU.ActiveCfg = Release|Any CPU
		{A25BFDAD-0EA1-4405-B6D6-A0F7365CF1F5}.Release|Any CPU.Build.0 = Release|Any CPU
	EndGlobalSection
	GlobalSection(SolutionProperties) = preSolution
		HideSolutionNode = FALSE
	EndGlobalSection
EndGlobal
